
Microsoft Visual Studio Solution File, Format Version 12.00
# Visual Studio Version 17
VisualStudioVersion = 17.11.35219.272
MinimumVisualStudioVersion = 10.0.40219.1
Project("{FAE04EC0-301F-11D3-BF4B-00C04F79EFBC}") = "AgenciaAutomotriz", "AgenciaAutomotriz\AgenciaAutomotriz.csproj", "{AB626693-4CD5-44D0-BF74-C26B91E05A1B}"
EndProject
Project("{FAE04EC0-301F-11D3-BF4B-00C04F79EFBC}") = "AccesoDatos", "AccesoDatos\AccesoDatos.csproj", "{8AE9A824-E710-4C14-A5F9-FBE1F6635D7A}"
EndProject
Project("{FAE04EC0-301F-11D3-BF4B-00C04F79EFBC}") = "Manejadores", "Manejadores\Manejadores.csproj", "{62905CA2-D93A-4CEC-88A1-36E58F7DE7AE}"
EndProject
Project("{FAE04EC0-301F-11D3-BF4B-00C04F79EFBC}") = "Entidades", "Entidades\Entidades.csproj", "{ADC1EB59-359C-4C2C-9DE3-944C9A77002D}"
EndProject
Global
	GlobalSection(SolutionConfigurationPlatforms) = preSolution
		Debug|Any CPU = Debug|Any CPU
		Release|Any CPU = Release|Any CPU
	EndGlobalSection
	GlobalSection(ProjectConfigurationPlatforms) = postSolution
		{AB626693-4CD5-44D0-BF74-C26B91E05A1B}.Debug|Any CPU.ActiveCfg = Debug|Any CPU
		{AB626693-4CD5-44D0-BF74-C26B91E05A1B}.Debug|Any CPU.Build.0 = Debug|Any CPU
		{AB626693-4CD5-44D0-BF74-C26B91E05A1B}.Release|Any CPU.ActiveCfg = Release|Any CPU
		{AB626693-4CD5-44D0-BF74-C26B91E05A1B}.Release|Any CPU.Build.0 = Release|Any CPU
		{8AE9A824-E710-4C14-A5F9-FBE1F6635D7A}.Debug|Any CPU.ActiveCfg = Debug|Any CPU
		{8AE9A824-E710-4C14-A5F9-FBE1F6635D7A}.Debug|Any CPU.Build.0 = Debug|Any CPU
		{8AE9A824-E710-4C14-A5F9-FBE1F6635D7A}.Release|Any CPU.ActiveCfg = Release|Any CPU
		{8AE9A824-E710-4C14-A5F9-FBE1F6635D7A}.Release|Any CPU.Build.0 = Release|Any CPU
		{62905CA2-D93A-4CEC-88A1-36E58F7DE7AE}.Debug|Any CPU.ActiveCfg = Debug|Any CPU
		{62905CA2-D93A-4CEC-88A1-36E58F7DE7AE}.Debug|Any CPU.Build.0 = Debug|Any CPU
		{62905CA2-D93A-4CEC-88A1-36E58F7DE7AE}.Release|Any CPU.ActiveCfg = Release|Any CPU
		{62905CA2-D93A-4CEC-88A1-36E58F7DE7AE}.Release|Any CPU.Build.0 = Release|Any CPU
		{ADC1EB59-359C-4C2C-9DE3-944C9A77002D}.Debug|Any CPU.ActiveCfg = Debug|Any CPU
		{ADC1EB59-359C-4C2C-9DE3-944C9A77002D}.Debug|Any CPU.Build.0 = Debug|Any CPU
		{ADC1EB59-359C-4C2C-9DE3-944C9A77002D}.Release|Any CPU.ActiveCfg = Release|Any CPU
		{ADC1EB59-359C-4C2C-9DE3-944C9A77002D}.Release|Any CPU.Build.0 = Release|Any CPU
	EndGlobalSection
	GlobalSection(SolutionProperties) = preSolution
		HideSolutionNode = FALSE
	EndGlobalSection
	GlobalSection(ExtensibilityGlobals) = postSolution
		SolutionGuid = {1685B9E2-07AA-4F76-A92A-23298180ABB2}
	EndGlobalSection
EndGlobal
